dependencies:
- name: telark-crds
  repository: oci://ghcr.io/telark/charts
  version: 0.0.1
- name: redis
  repository: https://charts.bitnami.com/bitnami
  version: 23.0.10
- name: nats
  repository: https://charts.bitnami.com/bitnami
  version: 9.0.28
- name: kyverno
  repository: https://kyverno.github.io/kyverno/
  version: 3.9.1
- name: metrics-server
  repository: https://kubernetes-sigs.github.io/metrics-server/
  version: 3.12.2
- name: vpa
  repository: https://charts.fairwinds.com/stable
  version: 5.1.0
- name: ollama
  repository: https://helm.otwld.com/
  version: 1.50.0
digest: sha256:9751d0cf5b8467cc204dd321b65d38ea92bafc1ff1c4aa32693a1df636bd3c11
generated: "2026-09-27T16:21:53.494598+02:00"
