dependencies:
- name: telark-crds
  repository: oci://ghcr.io/telark/charts
  version: 0.0.2
- name: redis
  repository: https://charts.bitnami.com/bitnami
  version: 23.0.10
- name: nats
  repository: https://charts.bitnami.com/bitnami
  version: 9.0.28
- name: kyverno
  repository: https://kyverno.github.io/kyverno/
  version: 3.9.1
- name: metrics-server
  repository: https://kubernetes-sigs.github.io/metrics-server/
  version: 3.12.2
- name: vpa
  repository: https://charts.fairwinds.com/stable
  version: 5.1.0
- name: ollama
  repository: https://helm.otwld.com/
  version: 1.50.0
digest: sha256:b22b34713f94d8c20671378f295d19bbd30dbdb726eb3347b802f3726c1e441f
generated: "2026-10-03T14:08:14.231231+02:00"
