dependencies:
- name: telark-crds
  repository: file://../telark-crds
  version: 0.0.1
- name: redis
  repository: https://charts.bitnami.com/bitnami
  version: 23.0.10
- name: nats
  repository: https://charts.bitnami.com/bitnami
  version: 9.0.28
- name: kyverno
  repository: https://kyverno.github.io/kyverno/
  version: 3.9.1
- name: metrics-server
  repository: https://kubernetes-sigs.github.io/metrics-server/
  version: 3.12.2
- name: vpa
  repository: https://charts.fairwinds.com/stable
  version: 5.1.0
- name: ollama
  repository: https://helm.otwld.com/
  version: 1.50.0
digest: sha256:46401f8b586a04494af9472f888e15cb089ac628cf0e53396995e28ba7a7f177
generated: "2026-09-26T12:40:00.000000+00:00"
